{
    "_readme": [
        "This file locks the dependencies of your project to a known state",
        "Read more about it at https://getcomposer.org/doc/01-basic-usage.md#installing-dependencies",
        "This file is @generated automatically"
    ],
    "content-hash": "4ea73b31b4f40829f48d09280311168c",
    "packages": [
        {
            "name": "everyday/php-quill-delta",
            "version": "0.1.4",
            "source": {
                "type": "git",
                "url": "https://github.com/Everyday-AS/php-quill-delta.git",
                "reference": "9a206e60968e0ca6cd3de420055dec85dfc9a00b"
            },
            "dist": {
                "type": "zip",
                "url": "https://api.github.com/repos/Everyday-AS/php-quill-delta/zipball/9a206e60968e0ca6cd3de420055dec85dfc9a00b",
                "reference": "9a206e60968e0ca6cd3de420055dec85dfc9a00b",
                "shasum": ""
            },
            "require": {
                "ext-json": "*"
            },
            "type": "library",
            "autoload": {
                "psr-4": {
                    "Everyday\\QuillDelta\\": "src/"
                }
            },
            "notification-url": "https://packagist.org/downloads/",
            "license": [
                "Apache-2.0"
            ],
            "authors": [
                {
                    "name": "Everyday AS",
                    "email": "system@everyday.no",
                    "homepage": "https://everyday.no"
                }
            ],
            "description": "PHP library with types for representing quill deltas",
            "homepage": "https://github.com/Everyday-AS/php-quill-delta",
            "keywords": [
                "delta",
                "quill"
            ],
            "time": "2019-09-30T21:33:45+00:00"
        },
        {
            "name": "symfony/dom-crawler",
            "version": "v5.0.8",
            "source": {
                "type": "git",
                "url": "https://github.com/symfony/dom-crawler.git",
                "reference": "892311d23066844a267ac1a903d8a9d79968a1a7"
            },
            "dist": {
                "type": "zip",
                "url": "https://api.github.com/repos/symfony/dom-crawler/zipball/892311d23066844a267ac1a903d8a9d79968a1a7",
                "reference": "892311d23066844a267ac1a903d8a9d79968a1a7",
                "shasum": ""
            },
            "require": {
                "php": "^7.2.5",
                "symfony/polyfill-ctype": "~1.8",
                "symfony/polyfill-mbstring": "~1.0"
            },
            "conflict": {
                "masterminds/html5": "<2.6"
            },
            "require-dev": {
                "masterminds/html5": "^2.6",
                "symfony/css-selector": "^4.4|^5.0"
            },
            "suggest": {
                "symfony/css-selector": ""
            },
            "type": "library",
            "extra": {
                "branch-alias": {
                    "dev-master": "5.0-dev"
                }
            },
            "autoload": {
                "psr-4": {
                    "Symfony\\Component\\DomCrawler\\": ""
                },
                "exclude-from-classmap": [
                    "/Tests/"
                ]
            },
            "notification-url": "https://packagist.org/downloads/",
            "license": [
                "MIT"
            ],
            "authors": [
                {
                    "name": "Fabien Potencier",
                    "email": "fabien@symfony.com"
                },
                {
                    "name": "Symfony Community",
                    "homepage": "https://symfony.com/contributors"
                }
            ],
            "description": "Symfony DomCrawler Component",
            "homepage": "https://symfony.com",
            "funding": [
                {
                    "url": "https://symfony.com/sponsor",
                    "type": "custom"
                },
                {
                    "url": "https://github.com/fabpot",
                    "type": "github"
                },
                {
                    "url": "https://tidelift.com/funding/github/packagist/symfony/symfony",
                    "type": "tidelift"
                }
            ],
            "time": "2020-03-30T11:42:42+00:00"
        },
        {
            "name": "symfony/polyfill-ctype",
            "version": "v1.17.0",
            "source": {
                "type": "git",
                "url": "https://github.com/symfony/polyfill-ctype.git",
                "reference": "e94c8b1bbe2bc77507a1056cdb06451c75b427f9"
            },
            "dist": {
                "type": "zip",
                "url": "https://api.github.com/repos/symfony/polyfill-ctype/zipball/e94c8b1bbe2bc77507a1056cdb06451c75b427f9",
                "reference": "e94c8b1bbe2bc77507a1056cdb06451c75b427f9",
                "shasum": ""
            },
            "require": {
                "php": ">=5.3.3"
            },
            "suggest": {
                "ext-ctype": "For best performance"
            },
            "type": "library",
            "extra": {
                "branch-alias": {
                    "dev-master": "1.17-dev"
                }
            },
            "autoload": {
                "psr-4": {
                    "Symfony\\Polyfill\\Ctype\\": ""
                },
                "files": [
                    "bootstrap.php"
                ]
            },
            "notification-url": "https://packagist.org/downloads/",
            "license": [
                "MIT"
            ],
            "authors": [
                {
                    "name": "Gert de Pagter",
                    "email": "BackEndTea@gmail.com"
                },
                {
                    "name": "Symfony Community",
                    "homepage": "https://symfony.com/contributors"
                }
            ],
            "description": "Symfony polyfill for ctype functions",
            "homepage": "https://symfony.com",
            "keywords": [
                "compatibility",
                "ctype",
                "polyfill",
                "portable"
            ],
            "funding": [
                {
                    "url": "https://symfony.com/sponsor",
                    "type": "custom"
                },
                {
                    "url": "https://github.com/fabpot",
                    "type": "github"
                },
                {
                    "url": "https://tidelift.com/funding/github/packagist/symfony/symfony",
                    "type": "tidelift"
                }
            ],
            "time": "2020-05-12T16:14:59+00:00"
        },
        {
            "name": "symfony/polyfill-mbstring",
            "version": "v1.17.0",
            "source": {
                "type": "git",
                "url": "https://github.com/symfony/polyfill-mbstring.git",
                "reference": "fa79b11539418b02fc5e1897267673ba2c19419c"
            },
            "dist": {
                "type": "zip",
                "url": "https://api.github.com/repos/symfony/polyfill-mbstring/zipball/fa79b11539418b02fc5e1897267673ba2c19419c",
                "reference": "fa79b11539418b02fc5e1897267673ba2c19419c",
                "shasum": ""
            },
            "require": {
                "php": ">=5.3.3"
            },
            "suggest": {
                "ext-mbstring": "For best performance"
            },
            "type": "library",
            "extra": {
                "branch-alias": {
                    "dev-master": "1.17-dev"
                }
            },
            "autoload": {
                "psr-4": {
                    "Symfony\\Polyfill\\Mbstring\\": ""
                },
                "files": [
                    "bootstrap.php"
                ]
            },
            "notification-url": "https://packagist.org/downloads/",
            "license": [
                "MIT"
            ],
            "authors": [
                {
                    "name": "Nicolas Grekas",
                    "email": "p@tchwork.com"
                },
                {
                    "name": "Symfony Community",
                    "homepage": "https://symfony.com/contributors"
                }
            ],
            "description": "Symfony polyfill for the Mbstring extension",
            "homepage": "https://symfony.com",
            "keywords": [
                "compatibility",
                "mbstring",
                "polyfill",
                "portable",
                "shim"
            ],
            "funding": [
                {
                    "url": "https://symfony.com/sponsor",
                    "type": "custom"
                },
                {
                    "url": "https://github.com/fabpot",
                    "type": "github"
                },
                {
                    "url": "https://tidelift.com/funding/github/packagist/symfony/symfony",
                    "type": "tidelift"
                }
            ],
            "time": "2020-05-12T16:47:27+00:00"
        }
    ],
    "packages-dev": [],
    "aliases": [],
    "minimum-stability": "stable",
    "stability-flags": [],
    "prefer-stable": false,
    "prefer-lowest": false,
    "platform": {
        "ext-dom": "*",
        "ext-json": "*"
    },
    "platform-dev": [],
    "plugin-api-version": "1.1.0"
}
